
Microsoft Visual Studio Solution File, Format Version 12.00
# Visual Studio Version 17
VisualStudioVersion = 17.0.31919.166
MinimumVisualStudioVersion = 10.0.40219.1
Project("{FAE04EC0-301F-11D3-BF4B-00C04F79EFBC}") = "13.1", "13.1\13.1.csproj", "{BFF94385-4023-4326-9F66-733C4AB0A7F7}"
EndProject
Global
	GlobalSection(SolutionConfigurationPlatforms) = preSolution
		Debug|Any CPU = Debug|Any CPU
		Release|Any CPU = Release|Any CPU
	EndGlobalSection
	GlobalSection(ProjectConfigurationPlatforms) = postSolution
		{BFF94385-4023-4326-9F66-733C4AB0A7F7}.Debug|Any CPU.ActiveCfg = Debug|Any CPU
		{BFF94385-4023-4326-9F66-733C4AB0A7F7}.Debug|Any CPU.Build.0 = Debug|Any CPU
		{BFF94385-4023-4326-9F66-733C4AB0A7F7}.Release|Any CPU.ActiveCfg = Release|Any CPU
		{BFF94385-4023-4326-9F66-733C4AB0A7F7}.Release|Any CPU.Build.0 = Release|Any CPU
	EndGlobalSection
	GlobalSection(SolutionProperties) = preSolution
		HideSolutionNode = FALSE
	EndGlobalSection
	GlobalSection(ExtensibilityGlobals) = postSolution
		SolutionGuid = {BA558A81-B4E6-476D-BEF7-805443BFB98B}
	EndGlobalSection
EndGlobal
